<Solution>
  <Folder Name="/src/">
    <Project Path="src/PoRedoImage.Web/PoRedoImage.Web.csproj" />
  </Folder>
  <Folder Name="/tests/">
    <Project Path="tests/PoRedoImage.Tests.Integration/PoRedoImage.Tests.Integration.csproj" />
    <Project Path="tests/PoRedoImage.Tests.Unit/PoRedoImage.Tests.Unit.csproj" />
  </Folder>
</Solution>
