<Solution>
  <Folder Name="/src/">
    <Project Path="src/PoRedoImage.Domain/PoRedoImage.Domain.csproj" />
    <Project Path="src/PoRedoImage.Application/PoRedoImage.Application.csproj" />
    <Project Path="src/PoRedoImage.Infrastructure/PoRedoImage.Infrastructure.csproj" />
    <Project Path="src/PoRedoImage.Shared/PoRedoImage.Shared.csproj" />
    <Project Path="src/PoRedoImage.Client/PoRedoImage.Client.csproj" />
    <Project Path="src/PoRedoImage.Web/PoRedoImage.Web.csproj" />
  </Folder>
  <Folder Name="/tests/">
    <Project Path="tests/PoRedoImage.Tests.Unit/PoRedoImage.Tests.Unit.csproj" />
    <Project Path="tests/PoRedoImage.Tests.Integration/PoRedoImage.Tests.Integration.csproj" />
    <Project Path="tests/PoRedoImage.Tests.E2EAPI/PoRedoImage.Tests.E2EAPI.csproj" />
    <Project Path="tests/PoRedoImage.Tests.E2EUI/PoRedoImage.Tests.E2EUI.csproj" />
  </Folder>
</Solution>
